// !$*UTF8*$!
{
	archiveVersion = 1;
	classes = {
	};
	objectVersion = 56;
	objects = {

/* Begin PBXBuildFile section */
		EB259A5B2A72B32E003E996C /* AppDelegate.swift in Sources */ = {isa = PBXBuildFile; fileRef = EB259A5A2A72B32E003E996C /* AppDelegate.swift */; };
		EB259A5D2A72B32E003E996C /* SceneDelegate.swift in Sources */ = {isa = PBXBuildFile; fileRef = EB259A5C2A72B32E003E996C /* SceneDelegate.swift */; };
		EB259A5F2A72B32E003E996C /* ViewController.swift in Sources */ = {isa = PBXBuildFile; fileRef = EB259A5E2A72B32E003E996C /* ViewController.swift */; };
		EB259A622A72B32E003E996C /* Main.storyboard in Resources */ = {isa = PBXBuildFile; fileRef = EB259A602A72B32E003E996C /* Main.storyboard */; };
		EB259A642A72B332003E996C /* Assets.xcassets in Resources */ = {isa = PBXBuildFile; fileRef = EB259A632A72B332003E996C /* Assets.xcassets */; };
		EB259A672A72B332003E996C /* LaunchScreen.storyboard in Resources */ = {isa = PBXBuildFile; fileRef = EB259A652A72B332003E996C /* LaunchScreen.storyboard */; };
		EB259A722A72B333003E996C /* UpDownGameTests.swift in Sources */ = {isa = PBXBuildFile; fileRef = EB259A712A72B333003E996C /* UpDownGameTests.swift */; };
		EB259A7C2A72B333003E996C /* UpDownGameUITests.swift in Sources */ = {isa = PBXBuildFile; fileRef = EB259A7B2A72B333003E996C /* UpDownGameUITests.swift */; };
		EB259A7E2A72B333003E996C /* UpDownGameUITestsLaunchTests.swift in Sources */ = {isa = PBXBuildFile; fileRef = EB259A7D2A72B333003E996C /* UpDownGameUITestsLaunchTests.swift */; };
/* End PBXBuildFile section */

/* Begin PBXContainerItemProxy section */
		EB259A6E2A72B333003E996C /* PBXContainerItemProxy */ = {
			isa = PBXContainerItemProxy;
			containerPortal = EB259A4F2A72B32E003E996C /* Project object */;
			proxyType = 1;
			remoteGlobalIDString = EB259A562A72B32E003E996C;
			remoteInfo = UpDownGame;
		};
		EB259A782A72B333003E996C /* PBXContainerItemProxy */ = {
			isa = PBXContainerItemProxy;
			containerPortal = EB259A4F2A72B32E003E996C /* Project object */;
			proxyType = 1;
			remoteGlobalIDString = EB259A562A72B32E003E996C;
			remoteInfo = UpDownGame;
		};
/* End PBXContainerItemProxy section */

/* Begin PBXFileReference section */
		EB259A572A72B32E003E996C /* UpDownGame.app */ = {isa = PBXFileReference; explicitFileType = wrapper.application; includeInIndex = 0; path = UpDownGame.app; sourceTree = BUILT_PRODUCTS_DIR; };
		EB259A5A2A72B32E003E996C /* AppDelegate.swift */ = {isa = PBXFileReference; lastKnownFileType = sourcecode.swift; path = AppDelegate.swift; sourceTree = "<group>"; };
		EB259A5C2A72B32E003E996C /* SceneDelegate.swift */ = {isa = PBXFileReference; lastKnownFileType = sourcecode.swift; path = SceneDelegate.swift; sourceTree = "<group>"; };
		EB259A5E2A72B32E003E996C /* ViewController.swift */ = {isa = PBXFileReference; lastKnownFileType = sourcecode.swift; path = ViewController.swift; sourceTree = "<group>"; };
		EB259A612A72B32E003E996C /* Base */ = {isa = PBXFileReference; lastKnownFileType = file.storyboard; name = Base; path = Base.lproj/Main.storyboard; sourceTree = "<group>"; };
		EB259A632A72B332003E996C /* Assets.xcassets */ = {isa = PBXFileReference; lastKnownFileType = folder.assetcatalog; path = Assets.xcassets; sourceTree = "<group>"; };
		EB259A662A72B332003E996C /* Base */ = {isa = PBXFileReference; lastKnownFileType = file.storyboard; name = Base; path = Base.lproj/LaunchScreen.storyboard; sourceTree = "<group>"; };
		EB259A682A72B332003E996C /* Info.plist */ = {isa = PBXFileReference; lastKnownFileType = text.plist.xml; path = Info.plist; sourceTree = "<group>"; };
		EB259A6D2A72B333003E996C /* UpDownGameTests.xctest */ = {isa = PBXFileReference; explicitFileType = wrapper.cfbundle; includeInIndex = 0; path = UpDownGameTests.xctest; sourceTree = BUILT_PRODUCTS_DIR; };
		EB259A712A72B333003E996C /* UpDownGameTests.swift */ = {isa = PBXFileReference; lastKnownFileType = sourcecode.swift; path = UpDownGameTests.swift; sourceTree = "<group>"; };
		EB259A772A72B333003E996C /* UpDownGameUITests.xctest */ = {isa = PBXFileReference; explicitFileType = wrapper.cfbundle; includeInIndex = 0; path = UpDownGameUITests.xctest; sourceTree = BUILT_PRODUCTS_DIR; };
		EB259A7B2A72B333003E996C /* UpDownGameUITests.swift */ = {isa = PBXFileReference; lastKnownFileType = sourcecode.swift; path = UpDownGameUITests.swift; sourceTree = "<group>"; };
		EB259A7D2A72B333003E996C /* UpDownGameUITestsLaunchTests.swift */ = {isa = PBXFileReference; lastKnownFileType = sourcecode.swift; path = UpDownGameUITestsLaunchTests.swift; sourceTree = "<group>"; };
/* End PBXFileReference section */

/* Begin PBXFrameworksBuildPhase section */
		EB259A542A72B32E003E996C /* Frameworks */ = {
			isa = PBXFrameworksBuildPhase;
			buildActionMask = 2147483647;
			files = (
			);
			runOnlyForDeploymentPostprocessing = 0;
		};
		EB259A6A2A72B333003E996C /* Frameworks */ = {
			isa = PBXFrameworksBuildPhase;
			buildActionMask = 2147483647;
			files = (
			);
			runOnlyForDeploymentPostprocessing = 0;
		};
		EB259A742A72B333003E996C /* Frameworks */ = {
			isa = PBXFrameworksBuildPhase;
			buildActionMask = 2147483647;
			files = (
			);
			runOnlyForDeploymentPostprocessing = 0;
		};
/* End PBXFrameworksBuildPhase section */

/* Begin PBXGroup section */
		EB259A4E2A72B32E003E996C = {
			isa = PBXGroup;
			children = (
				EB259A592A72B32E003E996C /* UpDownGame */,
				EB259A702A72B333003E996C /* UpDownGameTests */,
				EB259A7A2A72B333003E996C /* UpDownGameUITests */,
				EB259A582A72B32E003E996C /* Products */,
			);
			sourceTree = "<group>";
		};
		EB259A582A72B32E003E996C /* Products */ = {
			isa = PBXGroup;
			children = (
				EB259A572A72B32E003E996C /* UpDownGame.app */,
				EB259A6D2A72B333003E996C /* UpDownGameTests.xctest */,
				EB259A772A72B333003E996C /* UpDownGameUITests.xctest */,
			);
			name = Products;
			sourceTree = "<group>";
		};
		EB259A592A72B32E003E996C /* UpDownGame */ = {
			isa = PBXGroup;
			children = (
				EB259A5A2A72B32E003E996C /* AppDelegate.swift */,
				EB259A5C2A72B32E003E996C /* SceneDelegate.swift */,
				EB259A5E2A72B32E003E996C /* ViewController.swift */,
				EB259A602A72B32E003E996C /* Main.storyboard */,
				EB259A632A72B332003E996C /* Assets.xcassets */,
				EB259A652A72B332003E996C /* LaunchScreen.storyboard */,
				EB259A682A72B332003E996C /* Info.plist */,
			);
			path = UpDownGame;
			sourceTree = "<group>";
		};
		EB259A702A72B333003E996C /* UpDownGameTests */ = {
			isa = PBXGroup;
			children = (
				EB259A712A72B333003E996C /* UpDownGameTests.swift */,
			);
			path = UpDownGameTests;
			sourceTree = "<group>";
		};
		EB259A7A2A72B333003E996C /* UpDownGameUITests */ = {
			isa = PBXGroup;
			children = (
				EB259A7B2A72B333003E996C /* UpDownGameUITests.swift */,
				EB259A7D2A72B333003E996C /* UpDownGameUITestsLaunchTests.swift */,
			);
			path = UpDownGameUITests;
			sourceTree = "<group>";
		};
/* End PBXGroup section */

/* Begin PBXNativeTarget section */
		EB259A562A72B32E003E996C /* UpDownGame */ = {
			isa = PBXNativeTarget;
			buildConfigurationList = EB259A812A72B333003E996C /* Build configuration list for PBXNativeTarget "UpDownGame" */;
			buildPhases = (
				EB259A532A72B32E003E996C /* Sources */,
				EB259A542A72B32E003E996C /* Frameworks */,
				EB259A552A72B32E003E996C /* Resources */,
			);
			buildRules = (
			);
			dependencies = (
			);
			name = UpDownGame;
			productName = UpDownGame;
			productReference = EB259A572A72B32E003E996C /* UpDownGame.app */;
			productType = "com.apple.product-type.application";
		};
		EB259A6C2A72B333003E996C /* UpDownGameTests */ = {
			isa = PBXNativeTarget;
			buildConfigurationList = EB259A842A72B333003E996C /* Build configuration list for PBXNativeTarget "UpDownGameTests" */;
			buildPhases = (
				EB259A692A72B333003E996C /* Sources */,
				EB259A6A2A72B333003E996C /* Frameworks */,
				EB259A6B2A72B333003E996C /* Resources */,
			);
			buildRules = (
			);
			dependencies = (
				EB259A6F2A72B333003E996C /* PBXTargetDependency */,
			);
			name = UpDownGameTests;
			productName = UpDownGameTests;
			productReference = EB259A6D2A72B333003E996C /* UpDownGameTests.xctest */;
			productType = "com.apple.product-type.bundle.unit-test";
		};
		EB259A762A72B333003E996C /* UpDownGameUITests */ = {
			isa = PBXNativeTarget;
			buildConfigurationList = EB259A872A72B333003E996C /* Build configuration list for PBXNativeTarget "UpDownGameUITests" */;
			buildPhases = (
				EB259A732A72B333003E996C /* Sources */,
				EB259A742A72B333003E996C /* Frameworks */,
				EB259A752A72B333003E996C /* Resources */,
			);
			buildRules = (
			);
			dependencies = (
				EB259A792A72B333003E996C /* PBXTargetDependency */,
			);
			name = UpDownGameUITests;
			productName = UpDownGameUITests;
			productReference = EB259A772A72B333003E996C /* UpDownGameUITests.xctest */;
			productType = "com.apple.product-type.bundle.ui-testing";
		};
/* End PBXNativeTarget section */

/* Begin PBXProject section */
		EB259A4F2A72B32E003E996C /* Project object */ = {
			isa = PBXProject;
			attributes = {
				BuildIndependentTargetsInParallel = 1;
				LastSwiftUpdateCheck = 1430;
				LastUpgradeCheck = 1430;
				TargetAttributes = {
					EB259A562A72B32E003E996C = {
						CreatedOnToolsVersion = 14.3.1;
					};
					EB259A6C2A72B333003E996C = {
						CreatedOnToolsVersion = 14.3.1;
						TestTargetID = EB259A562A72B32E003E996C;
					};
					EB259A762A72B333003E996C = {
						CreatedOnToolsVersion = 14.3.1;
						TestTargetID = EB259A562A72B32E003E996C;
					};
				};
			};
			buildConfigurationList = EB259A522A72B32E003E996C /* Build configuration list for PBXProject "UpDownGame" */;
			compatibilityVersion = "Xcode 14.0";
			developmentRegion = en;
			hasScannedForEncodings = 0;
			knownRegions = (
				en,
				Base,
			);
			mainGroup = EB259A4E2A72B32E003E996C;
			productRefGroup = EB259A582A72B32E003E996C /* Products */;
			projectDirPath = "";
			projectRoot = "";
			targets = (
				EB259A562A72B32E003E996C /* UpDownGame */,
				EB259A6C2A72B333003E996C /* UpDownGameTests */,
				EB259A762A72B333003E996C /* UpDownGameUITests */,
			);
		};
/* End PBXProject section */

/* Begin PBXResourcesBuildPhase section */
		EB259A552A72B32E003E996C /* Resources */ = {
			isa = PBXResourcesBuildPhase;
			buildActionMask = 2147483647;
			files = (
				EB259A672A72B332003E996C /* LaunchScreen.storyboard in Resources */,
				EB259A642A72B332003E996C /* Assets.xcassets in Resources */,
				EB259A622A72B32E003E996C /* Main.storyboard in Resources */,
			);
			runOnlyForDeploymentPostprocessing = 0;
		};
		EB259A6B2A72B333003E996C /* Resources */ = {
			isa = PBXResourcesBuildPhase;
			buildActionMask = 2147483647;
			files = (
			);
			runOnlyForDeploymentPostprocessing = 0;
		};
		EB259A752A72B333003E996C /* Resources */ = {
			isa = PBXResourcesBuildPhase;
			buildActionMask = 2147483647;
			files = (
			);
			runOnlyForDeploymentPostprocessing = 0;
		};
/* End PBXResourcesBuildPhase section */

/* Begin PBXSourcesBuildPhase section */
		EB259A532A72B32E003E996C /* Sources */ = {
			isa = PBXSourcesBuildPhase;
			buildActionMask = 2147483647;
			files = (
				EB259A5F2A72B32E003E996C /* ViewController.swift in Sources */,
				EB259A5B2A72B32E003E996C /* AppDelegate.swift in Sources */,
				EB259A5D2A72B32E003E996C /* SceneDelegate.swift in Sources */,
			);
			runOnlyForDeploymentPostprocessing = 0;
		};
		EB259A692A72B333003E996C /* Sources */ = {
			isa = PBXSourcesBuildPhase;
			buildActionMask = 2147483647;
			files = (
				EB259A722A72B333003E996C /* UpDownGameTests.swift in Sources */,
			);
			runOnlyForDeploymentPostprocessing = 0;
		};
		EB259A732A72B333003E996C /* Sources */ = {
			isa = PBXSourcesBuildPhase;
			buildActionMask = 2147483647;
			files = (
				EB259A7C2A72B333003E996C /* UpDownGameUITests.swift in Sources */,
				EB259A7E2A72B333003E996C /* UpDownGameUITestsLaunchTests.swift in Sources */,
			);
			runOnlyForDeploymentPostprocessing = 0;
		};
/* End PBXSourcesBuildPhase section */

/* Begin PBXTargetDependency section */
		EB259A6F2A72B333003E996C /* PBXTargetDependency */ = {
			isa = PBXTargetDependency;
			target = EB259A562A72B32E003E996C /* UpDownGame */;
			targetProxy = EB259A6E2A72B333003E996C /* PBXContainerItemProxy */;
		};
		EB259A792A72B333003E996C /* PBXTargetDependency */ = {
			isa = PBXTargetDependency;
			target = EB259A562A72B32E003E996C /* UpDownGame */;
			targetProxy = EB259A782A72B333003E996C /* PBXContainerItemProxy */;
		};
/* End PBXTargetDependency section */

/* Begin PBXVariantGroup section */
		EB259A602A72B32E003E996C /* Main.storyboard */ = {
			isa = PBXVariantGroup;
			children = (
				EB259A612A72B32E003E996C /* Base */,
			);
			name = Main.storyboard;
			sourceTree = "<group>";
		};
		EB259A652A72B332003E996C /* LaunchScreen.storyboard */ = {
			isa = PBXVariantGroup;
			children = (
				EB259A662A72B332003E996C /* Base */,
			);
			name = LaunchScreen.storyboard;
			sourceTree = "<group>";
		};
/* End PBXVariantGroup section */

/* Begin XCBuildConfiguration section */
		EB259A7F2A72B333003E996C /* Debug */ = {
			isa = XCBuildConfiguration;
			buildSettings = {
				ALWAYS_SEARCH_USER_PATHS = NO;
				CLANG_ANALYZER_NONNULL = YES;
				CLANG_ANALYZER_NUMBER_OBJECT_CONVERSION = YES_AGGRESSIVE;
				CLANG_CXX_LANGUAGE_STANDARD = "gnu++20";
				CLANG_ENABLE_MODULES = YES;
				CLANG_ENABLE_OBJC_ARC = YES;
				CLANG_ENABLE_OBJC_WEAK = YES;
				CLANG_WARN_BLOCK_CAPTURE_AUTORELEASING = YES;
				CLANG_WARN_BOOL_CONVERSION = YES;
				CLANG_WARN_COMMA = YES;
				CLANG_WARN_CONSTANT_CONVERSION = YES;
				CLANG_WARN_DEPRECATED_OBJC_IMPLEMENTATIONS = YES;
				CLANG_WARN_DIRECT_OBJC_ISA_USAGE = YES_ERROR;
				CLANG_WARN_DOCUMENTATION_COMMENTS = YES;
				CLANG_WARN_EMPTY_BODY = YES;
				CLANG_WARN_ENUM_CONVERSION = YES;
				CLANG_WARN_INFINITE_RECURSION = YES;
				CLANG_WARN_INT_CONVERSION = YES;
				CLANG_WARN_NON_LITERAL_NULL_CONVERSION = YES;
				CLANG_WARN_OBJC_IMPLICIT_RETAIN_SELF = YES;
				CLANG_WARN_OBJC_LITERAL_CONVERSION = YES;
				CLANG_WARN_OBJC_ROOT_CLASS = YES_ERROR;
				CLANG_WARN_QUOTED_INCLUDE_IN_FRAMEWORK_HEADER = YES;
				CLANG_WARN_RANGE_LOOP_ANALYSIS = YES;
				CLANG_WARN_STRICT_PROTOTYPES = YES;
				CLANG_WARN_SUSPICIOUS_MOVE = YES;
				CLANG_WARN_UNGUARDED_AVAILABILITY = YES_AGGRESSIVE;
				CLANG_WARN_UNREACHABLE_CODE = YES;
				CLANG_WARN__DUPLICATE_METHOD_MATCH = YES;
				COPY_PHASE_STRIP = NO;
				DEBUG_INFORMATION_FORMAT = dwarf;
				ENABLE_STRICT_OBJC_MSGSEND = YES;
				ENABLE_TESTABILITY = YES;
				GCC_C_LANGUAGE_STANDARD = gnu11;
				GCC_DYNAMIC_NO_PIC = NO;
				GCC_NO_COMMON_BLOCKS = YES;
				GCC_OPTIMIZATION_LEVEL = 0;
				GCC_PREPROCESSOR_DEFINITIONS = (
					"DEBUG=1",
					"$(inherited)",
				);
				GCC_WARN_64_TO_32_BIT_CONVERSION = YES;
				GCC_WARN_ABOUT_RETURN_TYPE = YES_ERROR;
				GCC_WARN_UNDECLARED_SELECTOR = YES;
				GCC_WARN_UNINITIALIZED_AUTOS = YES_AGGRESSIVE;
				GCC_WARN_UNUSED_FUNCTION = YES;
				GCC_WARN_UNUSED_VARIABLE = YES;
				IPHONEOS_DEPLOYMENT_TARGET = 16.4;
				MTL_ENABLE_DEBUG_INFO = INCLUDE_SOURCE;
				MTL_FAST_MATH = YES;
				ONLY_ACTIVE_ARCH = YES;
				SDKROOT = iphoneos;
				SWIFT_ACTIVE_COMPILATION_CONDITIONS = DEBUG;
				SWIFT_OPTIMIZATION_LEVEL = "-Onone";
			};
			name = Debug;
		};
		EB259A802A72B333003E996C /* Release */ = {
			isa = XCBuildConfiguration;
			buildSettings = {
				ALWAYS_SEARCH_USER_PATHS = NO;
				CLANG_ANALYZER_NONNULL = YES;
				CLANG_ANALYZER_NUMBER_OBJECT_CONVERSION = YES_AGGRESSIVE;
				CLANG_CXX_LANGUAGE_STANDARD = "gnu++20";
				CLANG_ENABLE_MODULES = YES;
				CLANG_ENABLE_OBJC_ARC = YES;
				CLANG_ENABLE_OBJC_WEAK = YES;
				CLANG_WARN_BLOCK_CAPTURE_AUTORELEASING = YES;
				CLANG_WARN_BOOL_CONVERSION = YES;
				CLANG_WARN_COMMA = YES;
				CLANG_WARN_CONSTANT_CONVERSION = YES;
				CLANG_WARN_DEPRECATED_OBJC_IMPLEMENTATIONS = YES;
				CLANG_WARN_DIRECT_OBJC_ISA_USAGE = YES_ERROR;
				CLANG_WARN_DOCUMENTATION_COMMENTS = YES;
				CLANG_WARN_EMPTY_BODY = YES;
				CLANG_WARN_ENUM_CONVERSION = YES;
				CLANG_WARN_INFINITE_RECURSION = YES;
				CLANG_WARN_INT_CONVERSION = YES;
				CLANG_WARN_NON_LITERAL_NULL_CONVERSION = YES;
				CLANG_WARN_OBJC_IMPLICIT_RETAIN_SELF = YES;
				CLANG_WARN_OBJC_LITERAL_CONVERSION = YES;
				CLANG_WARN_OBJC_ROOT_CLASS = YES_ERROR;
				CLANG_WARN_QUOTED_INCLUDE_IN_FRAMEWORK_HEADER = YES;
				CLANG_WARN_RANGE_LOOP_ANALYSIS = YES;
				CLANG_WARN_STRICT_PROTOTYPES = YES;
				CLANG_WARN_SUSPICIOUS_MOVE = YES;
				CLANG_WARN_UNGUARDED_AVAILABILITY = YES_AGGRESSIVE;
				CLANG_WARN_UNREACHABLE_CODE = YES;
				CLANG_WARN__DUPLICATE_METHOD_MATCH = YES;
				COPY_PHASE_STRIP = NO;
				DEBUG_INFORMATION_FORMAT = "dwarf-with-dsym";
				ENABLE_NS_ASSERTIONS = NO;
				ENABLE_STRICT_OBJC_MSGSEND = YES;
				GCC_C_LANGUAGE_STANDARD = gnu11;
				GCC_NO_COMMON_BLOCKS = YES;
				GCC_WARN_64_TO_32_BIT_CONVERSION = YES;
				GCC_WARN_ABOUT_RETURN_TYPE = YES_ERROR;
				GCC_WARN_UNDECLARED_SELECTOR = YES;
				GCC_WARN_UNINITIALIZED_AUTOS = YES_AGGRESSIVE;
				GCC_WARN_UNUSED_FUNCTION = YES;
				GCC_WARN_UNUSED_VARIABLE = YES;
				IPHONEOS_DEPLOYMENT_TARGET = 16.4;
				MTL_ENABLE_DEBUG_INFO = NO;
				MTL_FAST_MATH = YES;
				SDKROOT = iphoneos;
				SWIFT_COMPILATION_MODE = wholemodule;
				SWIFT_OPTIMIZATION_LEVEL = "-O";
				VALIDATE_PRODUCT = YES;
			};
			name = Release;
		};
		EB259A822A72B333003E996C /* Debug */ = {
			isa = XCBuildConfiguration;
			buildSettings = {
				ASSETCATALOG_COMPILER_APPICON_NAME = AppIcon;
				ASSETCATALOG_COMPILER_GLOBAL_ACCENT_COLOR_NAME = AccentColor;
				CODE_SIGN_STYLE = Automatic;
				CURRENT_PROJECT_VERSION = 1;
				DEVELOPMENT_TEAM = QDTB4WL24B;
				GENERATE_INFOPLIST_FILE = YES;
				INFOPLIST_FILE = UpDownGame/Info.plist;
				INFOPLIST_KEY_UIApplicationSupportsIndirectInputEvents = YES;
				INFOPLIST_KEY_UILaunchStoryboardName = LaunchScreen;
				INFOPLIST_KEY_UIMainStoryboardFile = Main;
				INFOPLIST_KEY_UISupportedInterfaceOrientations_iPad = "UIInterfaceOrientationPortrait UIInterfaceOrientationPortraitUpsideDown UIInterfaceOrientationLandscapeLeft UIInterfaceOrientationLandscapeRight";
				INFOPLIST_KEY_UISupportedInterfaceOrientations_iPhone = "UIInterfaceOrientationPortrait UIInterfaceOrientationLandscapeLeft UIInterfaceOrientationLandscapeRight";
				LD_RUNPATH_SEARCH_PATHS = (
					"$(inherited)",
					"@executable_path/Frameworks",
				);
				MARKETING_VERSION = 1.0;
				PRODUCT_BUNDLE_IDENTIFIER = com.infrunEllenStudy.UpDownGame;
				PRODUCT_NAME = "$(TARGET_NAME)";
				SWIFT_EMIT_LOC_STRINGS = YES;
				SWIFT_VERSION = 5.0;
				TARGETED_DEVICE_FAMILY = "1,2";
			};
			name = Debug;
		};
		EB259A832A72B333003E996C /* Release */ = {
			isa = XCBuildConfiguration;
			buildSettings = {
				ASSETCATALOG_COMPILER_APPICON_NAME = AppIcon;
				ASSETCATALOG_COMPILER_GLOBAL_ACCENT_COLOR_NAME = AccentColor;
				CODE_SIGN_STYLE = Automatic;
				CURRENT_PROJECT_VERSION = 1;
				DEVELOPMENT_TEAM = QDTB4WL24B;
				GENERATE_INFOPLIST_FILE = YES;
				INFOPLIST_FILE = UpDownGame/Info.plist;
				INFOPLIST_KEY_UIApplicationSupportsIndirectInputEvents = YES;
				INFOPLIST_KEY_UILaunchStoryboardName = LaunchScreen;
				INFOPLIST_KEY_UIMainStoryboardFile = Main;
				INFOPLIST_KEY_UISupportedInterfaceOrientations_iPad = "UIInterfaceOrientationPortrait UIInterfaceOrientationPortraitUpsideDown UIInterfaceOrientationLandscapeLeft UIInterfaceOrientationLandscapeRight";
				INFOPLIST_KEY_UISupportedInterfaceOrientations_iPhone = "UIInterfaceOrientationPortrait UIInterfaceOrientationLandscapeLeft UIInterfaceOrientationLandscapeRight";
				LD_RUNPATH_SEARCH_PATHS = (
					"$(inherited)",
					"@executable_path/Frameworks",
				);
				MARKETING_VERSION = 1.0;
				PRODUCT_BUNDLE_IDENTIFIER = com.infrunEllenStudy.UpDownGame;
				PRODUCT_NAME = "$(TARGET_NAME)";
				SWIFT_EMIT_LOC_STRINGS = YES;
				SWIFT_VERSION = 5.0;
				TARGETED_DEVICE_FAMILY = "1,2";
			};
			name = Release;
		};
		EB259A852A72B333003E996C /* Debug */ = {
			isa = XCBuildConfiguration;
			buildSettings = {
				ALWAYS_EMBED_SWIFT_STANDARD_LIBRARIES = YES;
				BUNDLE_LOADER = "$(TEST_HOST)";
				CODE_SIGN_STYLE = Automatic;
				CURRENT_PROJECT_VERSION = 1;
				DEVELOPMENT_TEAM = QDTB4WL24B;
				GENERATE_INFOPLIST_FILE = YES;
				IPHONEOS_DEPLOYMENT_TARGET = 16.4;
				MARKETING_VERSION = 1.0;
				PRODUCT_BUNDLE_IDENTIFIER = com.infrunEllenStudy.UpDownGameTests;
				PRODUCT_NAME = "$(TARGET_NAME)";
				SWIFT_EMIT_LOC_STRINGS = NO;
				SWIFT_VERSION = 5.0;
				TARGETED_DEVICE_FAMILY = "1,2";
				TEST_HOST = "$(BUILT_PRODUCTS_DIR)/UpDownGame.app/$(BUNDLE_EXECUTABLE_FOLDER_PATH)/UpDownGame";
			};
			name = Debug;
		};
		EB259A862A72B333003E996C /* Release */ = {
			isa = XCBuildConfiguration;
			buildSettings = {
				ALWAYS_EMBED_SWIFT_STANDARD_LIBRARIES = YES;
				BUNDLE_LOADER = "$(TEST_HOST)";
				CODE_SIGN_STYLE = Automatic;
				CURRENT_PROJECT_VERSION = 1;
				DEVELOPMENT_TEAM = QDTB4WL24B;
				GENERATE_INFOPLIST_FILE = YES;
				IPHONEOS_DEPLOYMENT_TARGET = 16.4;
				MARKETING_VERSION = 1.0;
				PRODUCT_BUNDLE_IDENTIFIER = com.infrunEllenStudy.UpDownGameTests;
				PRODUCT_NAME = "$(TARGET_NAME)";
				SWIFT_EMIT_LOC_STRINGS = NO;
				SWIFT_VERSION = 5.0;
				TARGETED_DEVICE_FAMILY = "1,2";
				TEST_HOST = "$(BUILT_PRODUCTS_DIR)/UpDownGame.app/$(BUNDLE_EXECUTABLE_FOLDER_PATH)/UpDownGame";
			};
			name = Release;
		};
		EB259A882A72B333003E996C /* Debug */ = {
			isa = XCBuildConfiguration;
			buildSettings = {
				ALWAYS_EMBED_SWIFT_STANDARD_LIBRARIES = YES;
				CODE_SIGN_STYLE = Automatic;
				CURRENT_PROJECT_VERSION = 1;
				DEVELOPMENT_TEAM = QDTB4WL24B;
				GENERATE_INFOPLIST_FILE = YES;
				MARKETING_VERSION = 1.0;
				PRODUCT_BUNDLE_IDENTIFIER = com.infrunEllenStudy.UpDownGameUITests;
				PRODUCT_NAME = "$(TARGET_NAME)";
				SWIFT_EMIT_LOC_STRINGS = NO;
				SWIFT_VERSION = 5.0;
				TARGETED_DEVICE_FAMILY = "1,2";
				TEST_TARGET_NAME = UpDownGame;
			};
			name = Debug;
		};
		EB259A892A72B333003E996C /* Release */ = {
			isa = XCBuildConfiguration;
			buildSettings = {
				ALWAYS_EMBED_SWIFT_STANDARD_LIBRARIES = YES;
				CODE_SIGN_STYLE = Automatic;
				CURRENT_PROJECT_VERSION = 1;
				DEVELOPMENT_TEAM = QDTB4WL24B;
				GENERATE_INFOPLIST_FILE = YES;
				MARKETING_VERSION = 1.0;
				PRODUCT_BUNDLE_IDENTIFIER = com.infrunEllenStudy.UpDownGameUITests;
				PRODUCT_NAME = "$(TARGET_NAME)";
				SWIFT_EMIT_LOC_STRINGS = NO;
				SWIFT_VERSION = 5.0;
				TARGETED_DEVICE_FAMILY = "1,2";
				TEST_TARGET_NAME = UpDownGame;
			};
			name = Release;
		};
/* End XCBuildConfiguration section */

/* Begin XCConfigurationList section */
		EB259A522A72B32E003E996C /* Build configuration list for PBXProject "UpDownGame" */ = {
			isa = XCConfigurationList;
			buildConfigurations = (
				EB259A7F2A72B333003E996C /* Debug */,
				EB259A802A72B333003E996C /* Release */,
			);
			defaultConfigurationIsVisible = 0;
			defaultConfigurationName = Release;
		};
		EB259A812A72B333003E996C /* Build configuration list for PBXNativeTarget "UpDownGame" */ = {
			isa = XCConfigurationList;
			buildConfigurations = (
				EB259A822A72B333003E996C /* Debug */,
				EB259A832A72B333003E996C /* Release */,
			);
			defaultConfigurationIsVisible = 0;
			defaultConfigurationName = Release;
		};
		EB259A842A72B333003E996C /* Build configuration list for PBXNativeTarget "UpDownGameTests" */ = {
			isa = XCConfigurationList;
			buildConfigurations = (
				EB259A852A72B333003E996C /* Debug */,
				EB259A862A72B333003E996C /* Release */,
			);
			defaultConfigurationIsVisible = 0;
			defaultConfigurationName = Release;
		};
		EB259A872A72B333003E996C /* Build configuration list for PBXNativeTarget "UpDownGameUITests" */ = {
			isa = XCConfigurationList;
			buildConfigurations = (
				EB259A882A72B333003E996C /* Debug */,
				EB259A892A72B333003E996C /* Release */,
			);
			defaultConfigurationIsVisible = 0;
			defaultConfigurationName = Release;
		};
/* End XCConfigurationList section */
	};
	rootObject = EB259A4F2A72B32E003E996C /* Project object */;
}
